
Microsoft Visual Studio Solution File, Format Version 12.00
# Visual Studio Version 17
VisualStudioVersion = 17.9.34616.47
MinimumVisualStudioVersion = 10.0.40219.1
Project("{FAE04EC0-301F-11D3-BF4B-00C04F79EFBC}") = "FrmServer", "FrmServer\FrmServer.csproj", "{01BEEBEB-8854-4BBE-BF83-C7575EE3DBBE}"
EndProject
Project("{FAE04EC0-301F-11D3-BF4B-00C04F79EFBC}") = "FrmClient", "FrmClient\FrmClient.csproj", "{BC75E533-CE17-49FC-9E82-49A648242821}"
EndProject
Global
	GlobalSection(SolutionConfigurationPlatforms) = preSolution
		Debug|Any CPU = Debug|Any CPU
		Release|Any CPU = Release|Any CPU
	EndGlobalSection
	GlobalSection(ProjectConfigurationPlatforms) = postSolution
		{01BEEBEB-8854-4BBE-BF83-C7575EE3DBBE}.Debug|Any CPU.ActiveCfg = Debug|Any CPU
		{01BEEBEB-8854-4BBE-BF83-C7575EE3DBBE}.Debug|Any CPU.Build.0 = Debug|Any CPU
		{01BEEBEB-8854-4BBE-BF83-C7575EE3DBBE}.Release|Any CPU.ActiveCfg = Release|Any CPU
		{01BEEBEB-8854-4BBE-BF83-C7575EE3DBBE}.Release|Any CPU.Build.0 = Release|Any CPU
		{BC75E533-CE17-49FC-9E82-49A648242821}.Debug|Any CPU.ActiveCfg = Debug|Any CPU
		{BC75E533-CE17-49FC-9E82-49A648242821}.Debug|Any CPU.Build.0 = Debug|Any CPU
		{BC75E533-CE17-49FC-9E82-49A648242821}.Release|Any CPU.ActiveCfg = Release|Any CPU
		{BC75E533-CE17-49FC-9E82-49A648242821}.Release|Any CPU.Build.0 = Release|Any CPU
	EndGlobalSection
	GlobalSection(SolutionProperties) = preSolution
		HideSolutionNode = FALSE
	EndGlobalSection
	GlobalSection(ExtensibilityGlobals) = postSolution
		SolutionGuid = {4CC9410A-0BEF-4CC8-91C7-770EC92932AA}
	EndGlobalSection
EndGlobal
